// !$*UTF8*$!
{
	archiveVersion = 1;
	classes = {
	};
	objectVersion = 56;
	objects = {

/* Begin PBXBuildFile section */
		27176AC82A2A91C100E6B261 /* Usuario.swift in Sources */ = {isa = PBXBuildFile; fileRef = 27176AC72A2A91C100E6B261 /* Usuario.swift */; };
		273C76232A2BA75C002347F4 /* Safra.swift in Sources */ = {isa = PBXBuildFile; fileRef = 273C76222A2BA75C002347F4 /* Safra.swift */; };
		273C76252A2BA836002347F4 /* Calculadora.swift in Sources */ = {isa = PBXBuildFile; fileRef = 273C76242A2BA836002347F4 /* Calculadora.swift */; };
		273C76272A2BB145002347F4 /* ResearchIdViewController.swift in Sources */ = {isa = PBXBuildFile; fileRef = 273C76262A2BB145002347F4 /* ResearchIdViewController.swift */; };
		273C76292A2BB2D3002347F4 /* DetailResearchViewController.swift in Sources */ = {isa = PBXBuildFile; fileRef = 273C76282A2BB2D3002347F4 /* DetailResearchViewController.swift */; };
		273C762B2A2BBA60002347F4 /* ResearchSuccessViewController.swift in Sources */ = {isa = PBXBuildFile; fileRef = 273C762A2A2BBA60002347F4 /* ResearchSuccessViewController.swift */; };
		275718842A26A81F0020FED7 /* AppDelegate.swift in Sources */ = {isa = PBXBuildFile; fileRef = 275718832A26A81F0020FED7 /* AppDelegate.swift */; };
		275718862A26A81F0020FED7 /* SceneDelegate.swift in Sources */ = {isa = PBXBuildFile; fileRef = 275718852A26A81F0020FED7 /* SceneDelegate.swift */; };
		275718882A26A81F0020FED7 /* ViewController.swift in Sources */ = {isa = PBXBuildFile; fileRef = 275718872A26A81F0020FED7 /* ViewController.swift */; };
		2757188B2A26A81F0020FED7 /* Main.storyboard in Resources */ = {isa = PBXBuildFile; fileRef = 275718892A26A81F0020FED7 /* Main.storyboard */; };
		2757188D2A26A81F0020FED7 /* Assets.xcassets in Resources */ = {isa = PBXBuildFile; fileRef = 2757188C2A26A81F0020FED7 /* Assets.xcassets */; };
		275718902A26A81F0020FED7 /* LaunchScreen.storyboard in Resources */ = {isa = PBXBuildFile; fileRef = 2757188E2A26A81F0020FED7 /* LaunchScreen.storyboard */; };
		2757189A2A26AD290020FED7 /* ResearchViewController.swift in Sources */ = {isa = PBXBuildFile; fileRef = 275718992A26AD290020FED7 /* ResearchViewController.swift */; };
/* End PBXBuildFile section */

/* Begin PBXFileReference section */
		27176AC72A2A91C100E6B261 /* Usuario.swift */ = {isa = PBXFileReference; lastKnownFileType = sourcecode.swift; path = Usuario.swift; sourceTree = "<group>"; };
		273C76222A2BA75C002347F4 /* Safra.swift */ = {isa = PBXFileReference; lastKnownFileType = sourcecode.swift; path = Safra.swift; sourceTree = "<group>"; };
		273C76242A2BA836002347F4 /* Calculadora.swift */ = {isa = PBXFileReference; lastKnownFileType = sourcecode.swift; path = Calculadora.swift; sourceTree = "<group>"; };
		273C76262A2BB145002347F4 /* ResearchIdViewController.swift */ = {isa = PBXFileReference; lastKnownFileType = sourcecode.swift; path = ResearchIdViewController.swift; sourceTree = "<group>"; };
		273C76282A2BB2D3002347F4 /* DetailResearchViewController.swift */ = {isa = PBXFileReference; lastKnownFileType = sourcecode.swift; path = DetailResearchViewController.swift; sourceTree = "<group>"; };
		273C762A2A2BBA60002347F4 /* ResearchSuccessViewController.swift */ = {isa = PBXFileReference; lastKnownFileType = sourcecode.swift; path = ResearchSuccessViewController.swift; sourceTree = "<group>"; };
		275718802A26A81F0020FED7 /* gabriela_rm82135.app */ = {isa = PBXFileReference; explicitFileType = wrapper.application; includeInIndex = 0; path = gabriela_rm82135.app; sourceTree = BUILT_PRODUCTS_DIR; };
		275718832A26A81F0020FED7 /* AppDelegate.swift */ = {isa = PBXFileReference; lastKnownFileType = sourcecode.swift; path = AppDelegate.swift; sourceTree = "<group>"; };
		275718852A26A81F0020FED7 /* SceneDelegate.swift */ = {isa = PBXFileReference; lastKnownFileType = sourcecode.swift; path = SceneDelegate.swift; sourceTree = "<group>"; };
		275718872A26A81F0020FED7 /* ViewController.swift */ = {isa = PBXFileReference; lastKnownFileType = sourcecode.swift; path = ViewController.swift; sourceTree = "<group>"; };
		2757188A2A26A81F0020FED7 /* Base */ = {isa = PBXFileReference; lastKnownFileType = file.storyboard; name = Base; path = Base.lproj/Main.storyboard; sourceTree = "<group>"; };
		2757188C2A26A81F0020FED7 /* Assets.xcassets */ = {isa = PBXFileReference; lastKnownFileType = folder.assetcatalog; path = Assets.xcassets; sourceTree = "<group>"; };
		2757188F2A26A81F0020FED7 /* Base */ = {isa = PBXFileReference; lastKnownFileType = file.storyboard; name = Base; path = Base.lproj/LaunchScreen.storyboard; sourceTree = "<group>"; };
		275718912A26A81F0020FED7 /* Info.plist */ = {isa = PBXFileReference; lastKnownFileType = text.plist.xml; path = Info.plist; sourceTree = "<group>"; };
		275718992A26AD290020FED7 /* ResearchViewController.swift */ = {isa = PBXFileReference; lastKnownFileType = sourcecode.swift; path = ResearchViewController.swift; sourceTree = "<group>"; };
/* End PBXFileReference section */

/* Begin PBXFrameworksBuildPhase section */
		2757187D2A26A81F0020FED7 /* Frameworks */ = {
			isa = PBXFrameworksBuildPhase;
			buildActionMask = 2147483647;
			files = (
			);
			runOnlyForDeploymentPostprocessing = 0;
		};
/* End PBXFrameworksBuildPhase section */

/* Begin PBXGroup section */
		27176AC62A2A919B00E6B261 /* model */ = {
			isa = PBXGroup;
			children = (
				27176AC72A2A91C100E6B261 /* Usuario.swift */,
				273C76222A2BA75C002347F4 /* Safra.swift */,
				273C76242A2BA836002347F4 /* Calculadora.swift */,
			);
			path = model;
			sourceTree = "<group>";
		};
		275718772A26A81E0020FED7 = {
			isa = PBXGroup;
			children = (
				275718822A26A81F0020FED7 /* gabriela_rm82135 */,
				275718812A26A81F0020FED7 /* Products */,
			);
			sourceTree = "<group>";
		};
		275718812A26A81F0020FED7 /* Products */ = {
			isa = PBXGroup;
			children = (
				275718802A26A81F0020FED7 /* gabriela_rm82135.app */,
			);
			name = Products;
			sourceTree = "<group>";
		};
		275718822A26A81F0020FED7 /* gabriela_rm82135 */ = {
			isa = PBXGroup;
			children = (
				27176AC62A2A919B00E6B261 /* model */,
				275718832A26A81F0020FED7 /* AppDelegate.swift */,
				275718852A26A81F0020FED7 /* SceneDelegate.swift */,
				275718872A26A81F0020FED7 /* ViewController.swift */,
				275718992A26AD290020FED7 /* ResearchViewController.swift */,
				275718892A26A81F0020FED7 /* Main.storyboard */,
				2757188C2A26A81F0020FED7 /* Assets.xcassets */,
				2757188E2A26A81F0020FED7 /* LaunchScreen.storyboard */,
				275718912A26A81F0020FED7 /* Info.plist */,
				273C76262A2BB145002347F4 /* ResearchIdViewController.swift */,
				273C76282A2BB2D3002347F4 /* DetailResearchViewController.swift */,
				273C762A2A2BBA60002347F4 /* ResearchSuccessViewController.swift */,
			);
			path = gabriela_rm82135;
			sourceTree = "<group>";
		};
/* End PBXGroup section */

/* Begin PBXNativeTarget section */
		2757187F2A26A81F0020FED7 /* gabriela_rm82135 */ = {
			isa = PBXNativeTarget;
			buildConfigurationList = 275718942A26A81F0020FED7 /* Build configuration list for PBXNativeTarget "gabriela_rm82135" */;
			buildPhases = (
				2757187C2A26A81F0020FED7 /* Sources */,
				2757187D2A26A81F0020FED7 /* Frameworks */,
				2757187E2A26A81F0020FED7 /* Resources */,
			);
			buildRules = (
			);
			dependencies = (
			);
			name = gabriela_rm82135;
			productName = gabriela_rm82135;
			productReference = 275718802A26A81F0020FED7 /* gabriela_rm82135.app */;
			productType = "com.apple.product-type.application";
		};
/* End PBXNativeTarget section */

/* Begin PBXProject section */
		275718782A26A81E0020FED7 /* Project object */ = {
			isa = PBXProject;
			attributes = {
				BuildIndependentTargetsInParallel = 1;
				LastSwiftUpdateCheck = 1420;
				LastUpgradeCheck = 1420;
				TargetAttributes = {
					2757187F2A26A81F0020FED7 = {
						CreatedOnToolsVersion = 14.2;
					};
				};
			};
			buildConfigurationList = 2757187B2A26A81E0020FED7 /* Build configuration list for PBXProject "gabriela_rm82135" */;
			compatibilityVersion = "Xcode 14.0";
			developmentRegion = en;
			hasScannedForEncodings = 0;
			knownRegions = (
				en,
				Base,
			);
			mainGroup = 275718772A26A81E0020FED7;
			productRefGroup = 275718812A26A81F0020FED7 /* Products */;
			projectDirPath = "";
			projectRoot = "";
			targets = (
				2757187F2A26A81F0020FED7 /* gabriela_rm82135 */,
			);
		};
/* End PBXProject section */

/* Begin PBXResourcesBuildPhase section */
		2757187E2A26A81F0020FED7 /* Resources */ = {
			isa = PBXResourcesBuildPhase;
			buildActionMask = 2147483647;
			files = (
				275718902A26A81F0020FED7 /* LaunchScreen.storyboard in Resources */,
				2757188D2A26A81F0020FED7 /* Assets.xcassets in Resources */,
				2757188B2A26A81F0020FED7 /* Main.storyboard in Resources */,
			);
			runOnlyForDeploymentPostprocessing = 0;
		};
/* End PBXResourcesBuildPhase section */

/* Begin PBXSourcesBuildPhase section */
		2757187C2A26A81F0020FED7 /* Sources */ = {
			isa = PBXSourcesBuildPhase;
			buildActionMask = 2147483647;
			files = (
				275718882A26A81F0020FED7 /* ViewController.swift in Sources */,
				273C76292A2BB2D3002347F4 /* DetailResearchViewController.swift in Sources */,
				275718842A26A81F0020FED7 /* AppDelegate.swift in Sources */,
				273C762B2A2BBA60002347F4 /* ResearchSuccessViewController.swift in Sources */,
				273C76272A2BB145002347F4 /* ResearchIdViewController.swift in Sources */,
				275718862A26A81F0020FED7 /* SceneDelegate.swift in Sources */,
				273C76232A2BA75C002347F4 /* Safra.swift in Sources */,
				27176AC82A2A91C100E6B261 /* Usuario.swift in Sources */,
				273C76252A2BA836002347F4 /* Calculadora.swift in Sources */,
				2757189A2A26AD290020FED7 /* ResearchViewController.swift in Sources */,
			);
			runOnlyForDeploymentPostprocessing = 0;
		};
/* End PBXSourcesBuildPhase section */

/* Begin PBXVariantGroup section */
		275718892A26A81F0020FED7 /* Main.storyboard */ = {
			isa = PBXVariantGroup;
			children = (
				2757188A2A26A81F0020FED7 /* Base */,
			);
			name = Main.storyboard;
			sourceTree = "<group>";
		};
		2757188E2A26A81F0020FED7 /* LaunchScreen.storyboard */ = {
			isa = PBXVariantGroup;
			children = (
				2757188F2A26A81F0020FED7 /* Base */,
			);
			name = LaunchScreen.storyboard;
			sourceTree = "<group>";
		};
/* End PBXVariantGroup section */

/* Begin XCBuildConfiguration section */
		275718922A26A81F0020FED7 /* Debug */ = {
			isa = XCBuildConfiguration;
			buildSettings = {
				ALWAYS_SEARCH_USER_PATHS = NO;
				CLANG_ANALYZER_NONNULL = YES;
				CLANG_ANALYZER_NUMBER_OBJECT_CONVERSION = YES_AGGRESSIVE;
				CLANG_CXX_LANGUAGE_STANDARD = "gnu++20";
				CLANG_ENABLE_MODULES = YES;
				CLANG_ENABLE_OBJC_ARC = YES;
				CLANG_ENABLE_OBJC_WEAK = YES;
				CLANG_WARN_BLOCK_CAPTURE_AUTORELEASING = YES;
				CLANG_WARN_BOOL_CONVERSION = YES;
				CLANG_WARN_COMMA = YES;
				CLANG_WARN_CONSTANT_CONVERSION = YES;
				CLANG_WARN_DEPRECATED_OBJC_IMPLEMENTATIONS = YES;
				CLANG_WARN_DIRECT_OBJC_ISA_USAGE = YES_ERROR;
				CLANG_WARN_DOCUMENTATION_COMMENTS = YES;
				CLANG_WARN_EMPTY_BODY = YES;
				CLANG_WARN_ENUM_CONVERSION = YES;
				CLANG_WARN_INFINITE_RECURSION = YES;
				CLANG_WARN_INT_CONVERSION = YES;
				CLANG_WARN_NON_LITERAL_NULL_CONVERSION = YES;
				CLANG_WARN_OBJC_IMPLICIT_RETAIN_SELF = YES;
				CLANG_WARN_OBJC_LITERAL_CONVERSION = YES;
				CLANG_WARN_OBJC_ROOT_CLASS = YES_ERROR;
				CLANG_WARN_QUOTED_INCLUDE_IN_FRAMEWORK_HEADER = YES;
				CLANG_WARN_RANGE_LOOP_ANALYSIS = YES;
				CLANG_WARN_STRICT_PROTOTYPES = YES;
				CLANG_WARN_SUSPICIOUS_MOVE = YES;
				CLANG_WARN_UNGUARDED_AVAILABILITY = YES_AGGRESSIVE;
				CLANG_WARN_UNREACHABLE_CODE = YES;
				CLANG_WARN__DUPLICATE_METHOD_MATCH = YES;
				COPY_PHASE_STRIP = NO;
				DEBUG_INFORMATION_FORMAT = dwarf;
				ENABLE_STRICT_OBJC_MSGSEND = YES;
				ENABLE_TESTABILITY = YES;
				GCC_C_LANGUAGE_STANDARD = gnu11;
				GCC_DYNAMIC_NO_PIC = NO;
				GCC_NO_COMMON_BLOCKS = YES;
				GCC_OPTIMIZATION_LEVEL = 0;
				GCC_PREPROCESSOR_DEFINITIONS = (
					"DEBUG=1",
					"$(inherited)",
				);
				GCC_WARN_64_TO_32_BIT_CONVERSION = YES;
				GCC_WARN_ABOUT_RETURN_TYPE = YES_ERROR;
				GCC_WARN_UNDECLARED_SELECTOR = YES;
				GCC_WARN_UNINITIALIZED_AUTOS = YES_AGGRESSIVE;
				GCC_WARN_UNUSED_FUNCTION = YES;
				GCC_WARN_UNUSED_VARIABLE = YES;
				IPHONEOS_DEPLOYMENT_TARGET = 16.2;
				MTL_ENABLE_DEBUG_INFO = INCLUDE_SOURCE;
				MTL_FAST_MATH = YES;
				ONLY_ACTIVE_ARCH = YES;
				SDKROOT = iphoneos;
				SWIFT_ACTIVE_COMPILATION_CONDITIONS = DEBUG;
				SWIFT_OPTIMIZATION_LEVEL = "-Onone";
			};
			name = Debug;
		};
		275718932A26A81F0020FED7 /* Release */ = {
			isa = XCBuildConfiguration;
			buildSettings = {
				ALWAYS_SEARCH_USER_PATHS = NO;
				CLANG_ANALYZER_NONNULL = YES;
				CLANG_ANALYZER_NUMBER_OBJECT_CONVERSION = YES_AGGRESSIVE;
				CLANG_CXX_LANGUAGE_STANDARD = "gnu++20";
				CLANG_ENABLE_MODULES = YES;
				CLANG_ENABLE_OBJC_ARC = YES;
				CLANG_ENABLE_OBJC_WEAK = YES;
				CLANG_WARN_BLOCK_CAPTURE_AUTORELEASING = YES;
				CLANG_WARN_BOOL_CONVERSION = YES;
				CLANG_WARN_COMMA = YES;
				CLANG_WARN_CONSTANT_CONVERSION = YES;
				CLANG_WARN_DEPRECATED_OBJC_IMPLEMENTATIONS = YES;
				CLANG_WARN_DIRECT_OBJC_ISA_USAGE = YES_ERROR;
				CLANG_WARN_DOCUMENTATION_COMMENTS = YES;
				CLANG_WARN_EMPTY_BODY = YES;
				CLANG_WARN_ENUM_CONVERSION = YES;
				CLANG_WARN_INFINITE_RECURSION = YES;
				CLANG_WARN_INT_CONVERSION = YES;
				CLANG_WARN_NON_LITERAL_NULL_CONVERSION = YES;
				CLANG_WARN_OBJC_IMPLICIT_RETAIN_SELF = YES;
				CLANG_WARN_OBJC_LITERAL_CONVERSION = YES;
				CLANG_WARN_OBJC_ROOT_CLASS = YES_ERROR;
				CLANG_WARN_QUOTED_INCLUDE_IN_FRAMEWORK_HEADER = YES;
				CLANG_WARN_RANGE_LOOP_ANALYSIS = YES;
				CLANG_WARN_STRICT_PROTOTYPES = YES;
				CLANG_WARN_SUSPICIOUS_MOVE = YES;
				CLANG_WARN_UNGUARDED_AVAILABILITY = YES_AGGRESSIVE;
				CLANG_WARN_UNREACHABLE_CODE = YES;
				CLANG_WARN__DUPLICATE_METHOD_MATCH = YES;
				COPY_PHASE_STRIP = NO;
				DEBUG_INFORMATION_FORMAT = "dwarf-with-dsym";
				ENABLE_NS_ASSERTIONS = NO;
				ENABLE_STRICT_OBJC_MSGSEND = YES;
				GCC_C_LANGUAGE_STANDARD = gnu11;
				GCC_NO_COMMON_BLOCKS = YES;
				GCC_WARN_64_TO_32_BIT_CONVERSION = YES;
				GCC_WARN_ABOUT_RETURN_TYPE = YES_ERROR;
				GCC_WARN_UNDECLARED_SELECTOR = YES;
				GCC_WARN_UNINITIALIZED_AUTOS = YES_AGGRESSIVE;
				GCC_WARN_UNUSED_FUNCTION = YES;
				GCC_WARN_UNUSED_VARIABLE = YES;
				IPHONEOS_DEPLOYMENT_TARGET = 16.2;
				MTL_ENABLE_DEBUG_INFO = NO;
				MTL_FAST_MATH = YES;
				SDKROOT = iphoneos;
				SWIFT_COMPILATION_MODE = wholemodule;
				SWIFT_OPTIMIZATION_LEVEL = "-O";
				VALIDATE_PRODUCT = YES;
			};
			name = Release;
		};
		275718952A26A81F0020FED7 /* Debug */ = {
			isa = XCBuildConfiguration;
			buildSettings = {
				ASSETCATALOG_COMPILER_APPICON_NAME = AppIcon;
				ASSETCATALOG_COMPILER_GLOBAL_ACCENT_COLOR_NAME = AccentColor;
				CODE_SIGN_STYLE = Automatic;
				CURRENT_PROJECT_VERSION = 1;
				GENERATE_INFOPLIST_FILE = YES;
				INFOPLIST_FILE = gabriela_rm82135/Info.plist;
				INFOPLIST_KEY_UIApplicationSupportsIndirectInputEvents = YES;
				INFOPLIST_KEY_UILaunchStoryboardName = LaunchScreen;
				INFOPLIST_KEY_UIMainStoryboardFile = Main;
				INFOPLIST_KEY_UISupportedInterfaceOrientations_iPad = "UIInterfaceOrientationPortrait UIInterfaceOrientationPortraitUpsideDown UIInterfaceOrientationLandscapeLeft UIInterfaceOrientationLandscapeRight";
				INFOPLIST_KEY_UISupportedInterfaceOrientations_iPhone = "UIInterfaceOrientationPortrait UIInterfaceOrientationLandscapeLeft UIInterfaceOrientationLandscapeRight";
				LD_RUNPATH_SEARCH_PATHS = (
					"$(inherited)",
					"@executable_path/Frameworks",
				);
				MARKETING_VERSION = 1.0;
				PRODUCT_BUNDLE_IDENTIFIER = "fiap.com.gabriela-rm82135";
				PRODUCT_NAME = "$(TARGET_NAME)";
				SWIFT_EMIT_LOC_STRINGS = YES;
				SWIFT_VERSION = 5.0;
				TARGETED_DEVICE_FAMILY = "1,2";
			};
			name = Debug;
		};
		275718962A26A81F0020FED7 /* Release */ = {
			isa = XCBuildConfiguration;
			buildSettings = {
				ASSETCATALOG_COMPILER_APPICON_NAME = AppIcon;
				ASSETCATALOG_COMPILER_GLOBAL_ACCENT_COLOR_NAME = AccentColor;
				CODE_SIGN_STYLE = Automatic;
				CURRENT_PROJECT_VERSION = 1;
				GENERATE_INFOPLIST_FILE = YES;
				INFOPLIST_FILE = gabriela_rm82135/Info.plist;
				INFOPLIST_KEY_UIApplicationSupportsIndirectInputEvents = YES;
				INFOPLIST_KEY_UILaunchStoryboardName = LaunchScreen;
				INFOPLIST_KEY_UIMainStoryboardFile = Main;
				INFOPLIST_KEY_UISupportedInterfaceOrientations_iPad = "UIInterfaceOrientationPortrait UIInterfaceOrientationPortraitUpsideDown UIInterfaceOrientationLandscapeLeft UIInterfaceOrientationLandscapeRight";
				INFOPLIST_KEY_UISupportedInterfaceOrientations_iPhone = "UIInterfaceOrientationPortrait UIInterfaceOrientationLandscapeLeft UIInterfaceOrientationLandscapeRight";
				LD_RUNPATH_SEARCH_PATHS = (
					"$(inherited)",
					"@executable_path/Frameworks",
				);
				MARKETING_VERSION = 1.0;
				PRODUCT_BUNDLE_IDENTIFIER = "fiap.com.gabriela-rm82135";
				PRODUCT_NAME = "$(TARGET_NAME)";
				SWIFT_EMIT_LOC_STRINGS = YES;
				SWIFT_VERSION = 5.0;
				TARGETED_DEVICE_FAMILY = "1,2";
			};
			name = Release;
		};
/* End XCBuildConfiguration section */

/* Begin XCConfigurationList section */
		2757187B2A26A81E0020FED7 /* Build configuration list for PBXProject "gabriela_rm82135" */ = {
			isa = XCConfigurationList;
			buildConfigurations = (
				275718922A26A81F0020FED7 /* Debug */,
				275718932A26A81F0020FED7 /* Release */,
			);
			defaultConfigurationIsVisible = 0;
			defaultConfigurationName = Release;
		};
		275718942A26A81F0020FED7 /* Build configuration list for PBXNativeTarget "gabriela_rm82135" */ = {
			isa = XCConfigurationList;
			buildConfigurations = (
				275718952A26A81F0020FED7 /* Debug */,
				275718962A26A81F0020FED7 /* Release */,
			);
			defaultConfigurationIsVisible = 0;
			defaultConfigurationName = Release;
		};
/* End XCConfigurationList section */
	};
	rootObject = 275718782A26A81E0020FED7 /* Project object */;
}
